// !$*UTF8*$!
{
	archiveVersion = 1;
	classes = {
	};
	objectVersion = 56;
	objects = {

/* Begin PBXBuildFile section */
		9A118E0A2AAA44AD00C3BFB5 /* ArticlesEntity+CoreDataClass.swift in Sources */ = {isa = PBXBuildFile; fileRef = 9A118E042AAA44AD00C3BFB5 /* ArticlesEntity+CoreDataClass.swift */; };
		9A118E0B2AAA44AD00C3BFB5 /* ArticlesEntity+CoreDataProperties.swift in Sources */ = {isa = PBXBuildFile; fileRef = 9A118E052AAA44AD00C3BFB5 /* ArticlesEntity+CoreDataProperties.swift */; };
		9A118E0C2AAA44AD00C3BFB5 /* SourcesEntity+CoreDataClass.swift in Sources */ = {isa = PBXBuildFile; fileRef = 9A118E062AAA44AD00C3BFB5 /* SourcesEntity+CoreDataClass.swift */; };
		9A118E0D2AAA44AD00C3BFB5 /* SourcesEntity+CoreDataProperties.swift in Sources */ = {isa = PBXBuildFile; fileRef = 9A118E072AAA44AD00C3BFB5 /* SourcesEntity+CoreDataProperties.swift */; };
		9A118E162AAA4C0300C3BFB5 /* NewsEntity+CoreDataClass.swift in Sources */ = {isa = PBXBuildFile; fileRef = 9A118E142AAA4C0300C3BFB5 /* NewsEntity+CoreDataClass.swift */; };
		9A118E172AAA4C0300C3BFB5 /* NewsEntity+CoreDataProperties.swift in Sources */ = {isa = PBXBuildFile; fileRef = 9A118E152AAA4C0300C3BFB5 /* NewsEntity+CoreDataProperties.swift */; };
		9A3019492B23FFCE00C7CC10 /* NetworkTest.swift in Sources */ = {isa = PBXBuildFile; fileRef = 9A3019482B23FFCE00C7CC10 /* NetworkTest.swift */; };
		9A3A7C7E2B1A9F78009C59EA /* RxCocoa in Frameworks */ = {isa = PBXBuildFile; productRef = 9A3A7C7D2B1A9F78009C59EA /* RxCocoa */; };
		9A3A7C822B1E8F59009C59EA /* Observable+Operators.swift in Sources */ = {isa = PBXBuildFile; fileRef = 9A3A7C812B1E8F59009C59EA /* Observable+Operators.swift */; };
		9A3F18152B351BC200D94B4C /* HapticHelper.swift in Sources */ = {isa = PBXBuildFile; fileRef = 9A3F18142B351BC200D94B4C /* HapticHelper.swift */; };
		9A5109CB2A944861008EF0F8 /* Home+infastructure.swift in Sources */ = {isa = PBXBuildFile; fileRef = 9A5109CA2A944861008EF0F8 /* Home+infastructure.swift */; };
		9A5109CD2A9448B1008EF0F8 /* HomeModuleConfigurator.swift in Sources */ = {isa = PBXBuildFile; fileRef = 9A5109CC2A9448B1008EF0F8 /* HomeModuleConfigurator.swift */; };
		9A5109DC2A944955008EF0F8 /* DetailsViewController.swift in Sources */ = {isa = PBXBuildFile; fileRef = 9A5109D92A944955008EF0F8 /* DetailsViewController.swift */; };
		9A5109DD2A944955008EF0F8 /* Details+Infrastructure.swift in Sources */ = {isa = PBXBuildFile; fileRef = 9A5109DA2A944955008EF0F8 /* Details+Infrastructure.swift */; };
		9A5109DE2A944955008EF0F8 /* DetailsViewModel.swift in Sources */ = {isa = PBXBuildFile; fileRef = 9A5109DB2A944955008EF0F8 /* DetailsViewModel.swift */; };
		9A5109E62A99B0D9008EF0F8 /* DetailsView.swift in Sources */ = {isa = PBXBuildFile; fileRef = 9A5109E52A99B0D9008EF0F8 /* DetailsView.swift */; };
		9A6042292ABD1B6600CAE2F3 /* BookmarkEntity+CoreDataClass.swift in Sources */ = {isa = PBXBuildFile; fileRef = 9A6042272ABD1B6600CAE2F3 /* BookmarkEntity+CoreDataClass.swift */; };
		9A60422A2ABD1B6600CAE2F3 /* BookmarkEntity+CoreDataProperties.swift in Sources */ = {isa = PBXBuildFile; fileRef = 9A6042282ABD1B6600CAE2F3 /* BookmarkEntity+CoreDataProperties.swift */; };
		9A60422E2AC776C500CAE2F3 /* BookmarkView.swift in Sources */ = {isa = PBXBuildFile; fileRef = 9A60422D2AC776C500CAE2F3 /* BookmarkView.swift */; };
		9A6042302AC776CF00CAE2F3 /* BookmarkViewModel.swift in Sources */ = {isa = PBXBuildFile; fileRef = 9A60422F2AC776CF00CAE2F3 /* BookmarkViewModel.swift */; };
		9A6042322AC7771900CAE2F3 /* BookmarkModuleConfigurator.swift in Sources */ = {isa = PBXBuildFile; fileRef = 9A6042312AC7771900CAE2F3 /* BookmarkModuleConfigurator.swift */; };
		9A6042342AC7772D00CAE2F3 /* Bookmark+infrastracture.swift in Sources */ = {isa = PBXBuildFile; fileRef = 9A6042332AC7772D00CAE2F3 /* Bookmark+infrastracture.swift */; };
		9A6042362AC7A3D600CAE2F3 /* BookmarkNetwork.swift in Sources */ = {isa = PBXBuildFile; fileRef = 9A6042352AC7A3D600CAE2F3 /* BookmarkNetwork.swift */; };
		9A6042382AC7A3E000CAE2F3 /* BookmarkService.swift in Sources */ = {isa = PBXBuildFile; fileRef = 9A6042372AC7A3E000CAE2F3 /* BookmarkService.swift */; };
		9A7607DF2A85901B00342AC3 /* AppDelegate.swift in Sources */ = {isa = PBXBuildFile; fileRef = 9A7607DE2A85901B00342AC3 /* AppDelegate.swift */; };
		9A7607E12A85901B00342AC3 /* SceneDelegate.swift in Sources */ = {isa = PBXBuildFile; fileRef = 9A7607E02A85901B00342AC3 /* SceneDelegate.swift */; };
		9A7607E92A85901B00342AC3 /* News.xcdatamodeld in Sources */ = {isa = PBXBuildFile; fileRef = 9A7607E72A85901B00342AC3 /* News.xcdatamodeld */; };
		9A7607EB2A85901C00342AC3 /* Assets.xcassets in Resources */ = {isa = PBXBuildFile; fileRef = 9A7607EA2A85901C00342AC3 /* Assets.xcassets */; };
		9A7607EE2A85901C00342AC3 /* LaunchScreen.storyboard in Resources */ = {isa = PBXBuildFile; fileRef = 9A7607EC2A85901C00342AC3 /* LaunchScreen.storyboard */; };
		9A7607F92A85901C00342AC3 /* CoreDataTest.swift in Sources */ = {isa = PBXBuildFile; fileRef = 9A7607F82A85901C00342AC3 /* CoreDataTest.swift */; };
		9A7608032A85901C00342AC3 /* NewsUITests.swift in Sources */ = {isa = PBXBuildFile; fileRef = 9A7608022A85901C00342AC3 /* NewsUITests.swift */; };
		9A7608052A85901C00342AC3 /* NewsUITestsLaunchTests.swift in Sources */ = {isa = PBXBuildFile; fileRef = 9A7608042A85901C00342AC3 /* NewsUITestsLaunchTests.swift */; };
		9A76089D2A85992800342AC3 /* RxBlocking in Frameworks */ = {isa = PBXBuildFile; productRef = 9A76089C2A85992800342AC3 /* RxBlocking */; };
		9A7608A12A85992800342AC3 /* RxRelay in Frameworks */ = {isa = PBXBuildFile; productRef = 9A7608A02A85992800342AC3 /* RxRelay */; };
		9A7608A32A85992800342AC3 /* RxSwift in Frameworks */ = {isa = PBXBuildFile; productRef = 9A7608A22A85992800342AC3 /* RxSwift */; };
		9A7608A62A85998300342AC3 /* SnapKit in Frameworks */ = {isa = PBXBuildFile; productRef = 9A7608A52A85998300342AC3 /* SnapKit */; };
		9A7608C82A859DDD00342AC3 /* AppCoordinator.swift in Sources */ = {isa = PBXBuildFile; fileRef = 9A7608C52A859DDD00342AC3 /* AppCoordinator.swift */; };
		9A7608C92A859DDD00342AC3 /* HomeCoordinator.swift in Sources */ = {isa = PBXBuildFile; fileRef = 9A7608C42A859DDD00342AC3 /* HomeCoordinator.swift */; };
		9A7608CA2A859DDD00342AC3 /* StartTabBarCoordinator.swift in Sources */ = {isa = PBXBuildFile; fileRef = 9A7608C72A859DDD00342AC3 /* StartTabBarCoordinator.swift */; };
		9A7608CB2A859DDD00342AC3 /* BookmarkCoordinator.swift in Sources */ = {isa = PBXBuildFile; fileRef = 9A7608C62A859DDD00342AC3 /* BookmarkCoordinator.swift */; };
		9A7608CC2A859DE500342AC3 /* HomeView.swift in Sources */ = {isa = PBXBuildFile; fileRef = 9A7608B82A859BF200342AC3 /* HomeView.swift */; };
		9A7608CD2A859DE500342AC3 /* HomeViewController.swift in Sources */ = {isa = PBXBuildFile; fileRef = 9A7608BA2A859BF200342AC3 /* HomeViewController.swift */; };
		9A7608CE2A859DE500342AC3 /* NewsCell.swift in Sources */ = {isa = PBXBuildFile; fileRef = 9A7608B92A859BF200342AC3 /* NewsCell.swift */; };
		9A7608D02A859DE800342AC3 /* BookmarkViewController.swift in Sources */ = {isa = PBXBuildFile; fileRef = 9A7608CF2A859DE800342AC3 /* BookmarkViewController.swift */; };
		9A7608D42A859DEF00342AC3 /* RxBaseView.swift in Sources */ = {isa = PBXBuildFile; fileRef = 9A7608D12A859DEF00342AC3 /* RxBaseView.swift */; };
		9A7608D62A859DFA00342AC3 /* RxBaseViewController.swift in Sources */ = {isa = PBXBuildFile; fileRef = 9A7608D52A859DFA00342AC3 /* RxBaseViewController.swift */; };
		9A7608DE2A859EAB00342AC3 /* UIVIew+Ext.swift in Sources */ = {isa = PBXBuildFile; fileRef = 9A7608DD2A859EAB00342AC3 /* UIVIew+Ext.swift */; };
		9A7608E52A870FB200342AC3 /* HomeViewModel.swift in Sources */ = {isa = PBXBuildFile; fileRef = 9A7608E42A870FB200342AC3 /* HomeViewModel.swift */; };
		9A7608E72A8AE73D00342AC3 /* DatabaseDispatcher.swift in Sources */ = {isa = PBXBuildFile; fileRef = 9A7608E62A8AE73D00342AC3 /* DatabaseDispatcher.swift */; };
		9A7608E92A8AF65600342AC3 /* NetworkTargetType.swift in Sources */ = {isa = PBXBuildFile; fileRef = 9A7608E82A8AF65600342AC3 /* NetworkTargetType.swift */; };
		9A7608EB2A8B12A800342AC3 /* ResponseError.swift in Sources */ = {isa = PBXBuildFile; fileRef = 9A7608EA2A8B12A800342AC3 /* ResponseError.swift */; };
		9A7608EE2A8B158100342AC3 /* HomeNetwork.swift in Sources */ = {isa = PBXBuildFile; fileRef = 9A7608ED2A8B158100342AC3 /* HomeNetwork.swift */; };
		9A7608F02A8B164E00342AC3 /* News.swift in Sources */ = {isa = PBXBuildFile; fileRef = 9A7608EF2A8B164E00342AC3 /* News.swift */; };
		9A7608F32A8B16AE00342AC3 /* Constants.swift in Sources */ = {isa = PBXBuildFile; fileRef = 9A7608F22A8B16AE00342AC3 /* Constants.swift */; };
		9A7608F52A8B2FF500342AC3 /* HomeTarget.swift in Sources */ = {isa = PBXBuildFile; fileRef = 9A7608F42A8B2FF500342AC3 /* HomeTarget.swift */; };
		9A7608F72A8B342400342AC3 /* HomeService.swift in Sources */ = {isa = PBXBuildFile; fileRef = 9A7608F62A8B342400342AC3 /* HomeService.swift */; };
		9A7608FB2A8D561B00342AC3 /* Swinject in Frameworks */ = {isa = PBXBuildFile; productRef = 9A7608FA2A8D561B00342AC3 /* Swinject */; };
		9A7608FD2A8D564600342AC3 /* AppContainer.swift in Sources */ = {isa = PBXBuildFile; fileRef = 9A7608FC2A8D564600342AC3 /* AppContainer.swift */; };
		9A7609002A8D6DB100342AC3 /* NewsSectionModel.swift in Sources */ = {isa = PBXBuildFile; fileRef = 9A7608FF2A8D6DB100342AC3 /* NewsSectionModel.swift */; };
		9A7609032A8DA70A00342AC3 /* SwinjectAutoregistration in Frameworks */ = {isa = PBXBuildFile; productRef = 9A7609022A8DA70A00342AC3 /* SwinjectAutoregistration */; };
		9A7609062A8EE32E00342AC3 /* ImageManager.swift in Sources */ = {isa = PBXBuildFile; fileRef = 9A7609052A8EE32E00342AC3 /* ImageManager.swift */; };
		9A7609082A8EE33B00342AC3 /* ImageCaching.swift in Sources */ = {isa = PBXBuildFile; fileRef = 9A7609072A8EE33B00342AC3 /* ImageCaching.swift */; };
		9A8BCD8A2AA2A19900725B57 /* DetailsModuleConfiguraotor.swift in Sources */ = {isa = PBXBuildFile; fileRef = 9A8BCD892AA2A19900725B57 /* DetailsModuleConfiguraotor.swift */; };
		9AA123D32B04570200F91E92 /* CoreDataManager.swift in Sources */ = {isa = PBXBuildFile; fileRef = 9AA123D22B04570200F91E92 /* CoreDataManager.swift */; };
		9AA123D52B0457FE00F91E92 /* CoreDataConvertable.swift in Sources */ = {isa = PBXBuildFile; fileRef = 9AA123D42B0457FE00F91E92 /* CoreDataConvertable.swift */; };
/* End PBXBuildFile section */

/* Begin PBXContainerItemProxy section */
		9A7607F52A85901C00342AC3 /* PBXContainerItemProxy */ = {
			isa = PBXContainerItemProxy;
			containerPortal = 9A7607D32A85901B00342AC3 /* Project object */;
			proxyType = 1;
			remoteGlobalIDString = 9A7607DA2A85901B00342AC3;
			remoteInfo = News;
		};
		9A7607FF2A85901C00342AC3 /* PBXContainerItemProxy */ = {
			isa = PBXContainerItemProxy;
			containerPortal = 9A7607D32A85901B00342AC3 /* Project object */;
			proxyType = 1;
			remoteGlobalIDString = 9A7607DA2A85901B00342AC3;
			remoteInfo = News;
		};
/* End PBXContainerItemProxy section */

/* Begin PBXFileReference section */
		9A118E042AAA44AD00C3BFB5 /* ArticlesEntity+CoreDataClass.swift */ = {isa = PBXFileReference; lastKnownFileType = sourcecode.swift; path = "ArticlesEntity+CoreDataClass.swift"; sourceTree = "<group>"; };
		9A118E052AAA44AD00C3BFB5 /* ArticlesEntity+CoreDataProperties.swift */ = {isa = PBXFileReference; lastKnownFileType = sourcecode.swift; path = "ArticlesEntity+CoreDataProperties.swift"; sourceTree = "<group>"; };
		9A118E062AAA44AD00C3BFB5 /* SourcesEntity+CoreDataClass.swift */ = {isa = PBXFileReference; lastKnownFileType = sourcecode.swift; path = "SourcesEntity+CoreDataClass.swift"; sourceTree = "<group>"; };
		9A118E072AAA44AD00C3BFB5 /* SourcesEntity+CoreDataProperties.swift */ = {isa = PBXFileReference; lastKnownFileType = sourcecode.swift; path = "SourcesEntity+CoreDataProperties.swift"; sourceTree = "<group>"; };
		9A118E142AAA4C0300C3BFB5 /* NewsEntity+CoreDataClass.swift */ = {isa = PBXFileReference; lastKnownFileType = sourcecode.swift; path = "NewsEntity+CoreDataClass.swift"; sourceTree = "<group>"; };
		9A118E152AAA4C0300C3BFB5 /* NewsEntity+CoreDataProperties.swift */ = {isa = PBXFileReference; lastKnownFileType = sourcecode.swift; path = "NewsEntity+CoreDataProperties.swift"; sourceTree = "<group>"; };
		9A3019482B23FFCE00C7CC10 /* NetworkTest.swift */ = {isa = PBXFileReference; lastKnownFileType = sourcecode.swift; path = NetworkTest.swift; sourceTree = "<group>"; };
		9A3A7C812B1E8F59009C59EA /* Observable+Operators.swift */ = {isa = PBXFileReference; lastKnownFileType = sourcecode.swift; path = "Observable+Operators.swift"; sourceTree = "<group>"; };
		9A3F18142B351BC200D94B4C /* HapticHelper.swift */ = {isa = PBXFileReference; lastKnownFileType = sourcecode.swift; path = HapticHelper.swift; sourceTree = "<group>"; };
		9A5109CA2A944861008EF0F8 /* Home+infastructure.swift */ = {isa = PBXFileReference; lastKnownFileType = sourcecode.swift; path = "Home+infastructure.swift"; sourceTree = "<group>"; };
		9A5109CC2A9448B1008EF0F8 /* HomeModuleConfigurator.swift */ = {isa = PBXFileReference; lastKnownFileType = sourcecode.swift; path = HomeModuleConfigurator.swift; sourceTree = "<group>"; };
		9A5109D92A944955008EF0F8 /* DetailsViewController.swift */ = {isa = PBXFileReference; fileEncoding = 4; lastKnownFileType = sourcecode.swift; path = DetailsViewController.swift; sourceTree = "<group>"; };
		9A5109DA2A944955008EF0F8 /* Details+Infrastructure.swift */ = {isa = PBXFileReference; fileEncoding = 4; lastKnownFileType = sourcecode.swift; path = "Details+Infrastructure.swift"; sourceTree = "<group>"; };
		9A5109DB2A944955008EF0F8 /* DetailsViewModel.swift */ = {isa = PBXFileReference; fileEncoding = 4; lastKnownFileType = sourcecode.swift; path = DetailsViewModel.swift; sourceTree = "<group>"; };
		9A5109E52A99B0D9008EF0F8 /* DetailsView.swift */ = {isa = PBXFileReference; lastKnownFileType = sourcecode.swift; path = DetailsView.swift; sourceTree = "<group>"; };
		9A6042272ABD1B6600CAE2F3 /* BookmarkEntity+CoreDataClass.swift */ = {isa = PBXFileReference; lastKnownFileType = sourcecode.swift; path = "BookmarkEntity+CoreDataClass.swift"; sourceTree = "<group>"; };
		9A6042282ABD1B6600CAE2F3 /* BookmarkEntity+CoreDataProperties.swift */ = {isa = PBXFileReference; lastKnownFileType = sourcecode.swift; path = "BookmarkEntity+CoreDataProperties.swift"; sourceTree = "<group>"; };
		9A60422D2AC776C500CAE2F3 /* BookmarkView.swift */ = {isa = PBXFileReference; lastKnownFileType = sourcecode.swift; path = BookmarkView.swift; sourceTree = "<group>"; };
		9A60422F2AC776CF00CAE2F3 /* BookmarkViewModel.swift */ = {isa = PBXFileReference; lastKnownFileType = sourcecode.swift; path = BookmarkViewModel.swift; sourceTree = "<group>"; };
		9A6042312AC7771900CAE2F3 /* BookmarkModuleConfigurator.swift */ = {isa = PBXFileReference; lastKnownFileType = sourcecode.swift; path = BookmarkModuleConfigurator.swift; sourceTree = "<group>"; };
		9A6042332AC7772D00CAE2F3 /* Bookmark+infrastracture.swift */ = {isa = PBXFileReference; lastKnownFileType = sourcecode.swift; path = "Bookmark+infrastracture.swift"; sourceTree = "<group>"; };
		9A6042352AC7A3D600CAE2F3 /* BookmarkNetwork.swift */ = {isa = PBXFileReference; lastKnownFileType = sourcecode.swift; path = BookmarkNetwork.swift; sourceTree = "<group>"; };
		9A6042372AC7A3E000CAE2F3 /* BookmarkService.swift */ = {isa = PBXFileReference; lastKnownFileType = sourcecode.swift; path = BookmarkService.swift; sourceTree = "<group>"; };
		9A7607DB2A85901B00342AC3 /* News.app */ = {isa = PBXFileReference; explicitFileType = wrapper.application; includeInIndex = 0; path = News.app; sourceTree = BUILT_PRODUCTS_DIR; };
		9A7607DE2A85901B00342AC3 /* AppDelegate.swift */ = {isa = PBXFileReference; lastKnownFileType = sourcecode.swift; path = AppDelegate.swift; sourceTree = "<group>"; };
		9A7607E02A85901B00342AC3 /* SceneDelegate.swift */ = {isa = PBXFileReference; lastKnownFileType = sourcecode.swift; path = SceneDelegate.swift; sourceTree = "<group>"; };
		9A7607E82A85901B00342AC3 /* News.xcdatamodel */ = {isa = PBXFileReference; lastKnownFileType = wrapper.xcdatamodel; path = News.xcdatamodel; sourceTree = "<group>"; };
		9A7607EA2A85901C00342AC3 /* Assets.xcassets */ = {isa = PBXFileReference; lastKnownFileType = folder.assetcatalog; path = Assets.xcassets; sourceTree = "<group>"; };
		9A7607ED2A85901C00342AC3 /* Base */ = {isa = PBXFileReference; lastKnownFileType = file.storyboard; name = Base; path = Base.lproj/LaunchScreen.storyboard; sourceTree = "<group>"; };
		9A7607EF2A85901C00342AC3 /* Info.plist */ = {isa = PBXFileReference; lastKnownFileType = text.plist.xml; path = Info.plist; sourceTree = "<group>"; };
		9A7607F42A85901C00342AC3 /* NewsTests.xctest */ = {isa = PBXFileReference; explicitFileType = wrapper.cfbundle; includeInIndex = 0; path = NewsTests.xctest; sourceTree = BUILT_PRODUCTS_DIR; };
		9A7607F82A85901C00342AC3 /* CoreDataTest.swift */ = {isa = PBXFileReference; lastKnownFileType = sourcecode.swift; path = CoreDataTest.swift; sourceTree = "<group>"; };
		9A7607FE2A85901C00342AC3 /* NewsUITests.xctest */ = {isa = PBXFileReference; explicitFileType = wrapper.cfbundle; includeInIndex = 0; path = NewsUITests.xctest; sourceTree = BUILT_PRODUCTS_DIR; };
		9A7608022A85901C00342AC3 /* NewsUITests.swift */ = {isa = PBXFileReference; lastKnownFileType = sourcecode.swift; path = NewsUITests.swift; sourceTree = "<group>"; };
		9A7608042A85901C00342AC3 /* NewsUITestsLaunchTests.swift */ = {isa = PBXFileReference; lastKnownFileType = sourcecode.swift; path = NewsUITestsLaunchTests.swift; sourceTree = "<group>"; };
		9A7608B82A859BF200342AC3 /* HomeView.swift */ = {isa = PBXFileReference; lastKnownFileType = sourcecode.swift; path = HomeView.swift; sourceTree = "<group>"; };
		9A7608B92A859BF200342AC3 /* NewsCell.swift */ = {isa = PBXFileReference; lastKnownFileType = sourcecode.swift; path = NewsCell.swift; sourceTree = "<group>"; };
		9A7608BA2A859BF200342AC3 /* HomeViewController.swift */ = {isa = PBXFileReference; lastKnownFileType = sourcecode.swift; path = HomeViewController.swift; sourceTree = "<group>"; };
		9A7608C42A859DDD00342AC3 /* HomeCoordinator.swift */ = {isa = PBXFileReference; lastKnownFileType = sourcecode.swift; path = HomeCoordinator.swift; sourceTree = "<group>"; };
		9A7608C52A859DDD00342AC3 /* AppCoordinator.swift */ = {isa = PBXFileReference; lastKnownFileType = sourcecode.swift; path = AppCoordinator.swift; sourceTree = "<group>"; };
		9A7608C62A859DDD00342AC3 /* BookmarkCoordinator.swift */ = {isa = PBXFileReference; lastKnownFileType = sourcecode.swift; path = BookmarkCoordinator.swift; sourceTree = "<group>"; };
		9A7608C72A859DDD00342AC3 /* StartTabBarCoordinator.swift */ = {isa = PBXFileReference; lastKnownFileType = sourcecode.swift; path = StartTabBarCoordinator.swift; sourceTree = "<group>"; };
		9A7608CF2A859DE800342AC3 /* BookmarkViewController.swift */ = {isa = PBXFileReference; lastKnownFileType = sourcecode.swift; path = BookmarkViewController.swift; sourceTree = "<group>"; };
		9A7608D12A859DEF00342AC3 /* RxBaseView.swift */ = {isa = PBXFileReference; lastKnownFileType = sourcecode.swift; path = RxBaseView.swift; sourceTree = "<group>"; };
		9A7608D52A859DFA00342AC3 /* RxBaseViewController.swift */ = {isa = PBXFileReference; lastKnownFileType = sourcecode.swift; path = RxBaseViewController.swift; sourceTree = "<group>"; };
		9A7608DD2A859EAB00342AC3 /* UIVIew+Ext.swift */ = {isa = PBXFileReference; fileEncoding = 4; lastKnownFileType = sourcecode.swift; path = "UIVIew+Ext.swift"; sourceTree = "<group>"; };
		9A7608E42A870FB200342AC3 /* HomeViewModel.swift */ = {isa = PBXFileReference; lastKnownFileType = sourcecode.swift; path = HomeViewModel.swift; sourceTree = "<group>"; };
		9A7608E62A8AE73D00342AC3 /* DatabaseDispatcher.swift */ = {isa = PBXFileReference; lastKnownFileType = sourcecode.swift; path = DatabaseDispatcher.swift; sourceTree = "<group>"; };
		9A7608E82A8AF65600342AC3 /* NetworkTargetType.swift */ = {isa = PBXFileReference; lastKnownFileType = sourcecode.swift; path = NetworkTargetType.swift; sourceTree = "<group>"; };
		9A7608EA2A8B12A800342AC3 /* ResponseError.swift */ = {isa = PBXFileReference; lastKnownFileType = sourcecode.swift; path = ResponseError.swift; sourceTree = "<group>"; };
		9A7608ED2A8B158100342AC3 /* HomeNetwork.swift */ = {isa = PBXFileReference; lastKnownFileType = sourcecode.swift; path = HomeNetwork.swift; sourceTree = "<group>"; };
		9A7608EF2A8B164E00342AC3 /* News.swift */ = {isa = PBXFileReference; lastKnownFileType = sourcecode.swift; path = News.swift; sourceTree = "<group>"; };
		9A7608F22A8B16AE00342AC3 /* Constants.swift */ = {isa = PBXFileReference; lastKnownFileType = sourcecode.swift; path = Constants.swift; sourceTree = "<group>"; };
		9A7608F42A8B2FF500342AC3 /* HomeTarget.swift */ = {isa = PBXFileReference; lastKnownFileType = sourcecode.swift; path = HomeTarget.swift; sourceTree = "<group>"; };
		9A7608F62A8B342400342AC3 /* HomeService.swift */ = {isa = PBXFileReference; lastKnownFileType = sourcecode.swift; path = HomeService.swift; sourceTree = "<group>"; };
		9A7608FC2A8D564600342AC3 /* AppContainer.swift */ = {isa = PBXFileReference; lastKnownFileType = sourcecode.swift; path = AppContainer.swift; sourceTree = "<group>"; };
		9A7608FF2A8D6DB100342AC3 /* NewsSectionModel.swift */ = {isa = PBXFileReference; lastKnownFileType = sourcecode.swift; path = NewsSectionModel.swift; sourceTree = "<group>"; };
		9A7609052A8EE32E00342AC3 /* ImageManager.swift */ = {isa = PBXFileReference; lastKnownFileType = sourcecode.swift; path = ImageManager.swift; sourceTree = "<group>"; };
		9A7609072A8EE33B00342AC3 /* ImageCaching.swift */ = {isa = PBXFileReference; lastKnownFileType = sourcecode.swift; path = ImageCaching.swift; sourceTree = "<group>"; };
		9A8BCD892AA2A19900725B57 /* DetailsModuleConfiguraotor.swift */ = {isa = PBXFileReference; lastKnownFileType = sourcecode.swift; path = DetailsModuleConfiguraotor.swift; sourceTree = "<group>"; };
		9AA123D22B04570200F91E92 /* CoreDataManager.swift */ = {isa = PBXFileReference; lastKnownFileType = sourcecode.swift; path = CoreDataManager.swift; sourceTree = "<group>"; };
		9AA123D42B0457FE00F91E92 /* CoreDataConvertable.swift */ = {isa = PBXFileReference; lastKnownFileType = sourcecode.swift; path = CoreDataConvertable.swift; sourceTree = "<group>"; };
/* End PBXFileReference section */

/* Begin PBXFrameworksBuildPhase section */
		9A7607D82A85901B00342AC3 /* Frameworks */ = {
			isa = PBXFrameworksBuildPhase;
			buildActionMask = 2147483647;
			files = (
				9A7609032A8DA70A00342AC3 /* SwinjectAutoregistration in Frameworks */,
				9A7608A12A85992800342AC3 /* RxRelay in Frameworks */,
				9A7608A32A85992800342AC3 /* RxSwift in Frameworks */,
				9A3A7C7E2B1A9F78009C59EA /* RxCocoa in Frameworks */,
				9A76089D2A85992800342AC3 /* RxBlocking in Frameworks */,
				9A7608A62A85998300342AC3 /* SnapKit in Frameworks */,
				9A7608FB2A8D561B00342AC3 /* Swinject in Frameworks */,
			);
			runOnlyForDeploymentPostprocessing = 0;
		};
		9A7607F12A85901C00342AC3 /* Frameworks */ = {
			isa = PBXFrameworksBuildPhase;
			buildActionMask = 2147483647;
			files = (
			);
			runOnlyForDeploymentPostprocessing = 0;
		};
		9A7607FB2A85901C00342AC3 /* Frameworks */ = {
			isa = PBXFrameworksBuildPhase;
			buildActionMask = 2147483647;
			files = (
			);
			runOnlyForDeploymentPostprocessing = 0;
		};
/* End PBXFrameworksBuildPhase section */

/* Begin PBXGroup section */
		9A3A7C832B1E8FFB009C59EA /* Storyboards */ = {
			isa = PBXGroup;
			children = (
				9A7607EC2A85901C00342AC3 /* LaunchScreen.storyboard */,
			);
			path = Storyboards;
			sourceTree = "<group>";
		};
		9A5109CE2A9448DB008EF0F8 /* Details */ = {
			isa = PBXGroup;
			children = (
				9A5109DA2A944955008EF0F8 /* Details+Infrastructure.swift */,
				9A5109D92A944955008EF0F8 /* DetailsViewController.swift */,
				9A5109DB2A944955008EF0F8 /* DetailsViewModel.swift */,
				9A5109E52A99B0D9008EF0F8 /* DetailsView.swift */,
				9A8BCD892AA2A19900725B57 /* DetailsModuleConfiguraotor.swift */,
			);
			path = Details;
			sourceTree = "<group>";
		};
		9A7607D22A85901B00342AC3 = {
			isa = PBXGroup;
			children = (
				9A7607DD2A85901B00342AC3 /* News */,
				9A7607F72A85901C00342AC3 /* NewsTests */,
				9A7608012A85901C00342AC3 /* NewsUITests */,
				9A7607DC2A85901B00342AC3 /* Products */,
				9ACDDB122B1A9E9B0090A823 /* Frameworks */,
			);
			sourceTree = "<group>";
		};
		9A7607DC2A85901B00342AC3 /* Products */ = {
			isa = PBXGroup;
			children = (
				9A7607DB2A85901B00342AC3 /* News.app */,
				9A7607F42A85901C00342AC3 /* NewsTests.xctest */,
				9A7607FE2A85901C00342AC3 /* NewsUITests.xctest */,
			);
			name = Products;
			sourceTree = "<group>";
		};
		9A7607DD2A85901B00342AC3 /* News */ = {
			isa = PBXGroup;
			children = (
				9A76086D2A85963B00342AC3 /* Resources */,
				9A7607DE2A85901B00342AC3 /* AppDelegate.swift */,
				9A7607E02A85901B00342AC3 /* SceneDelegate.swift */,
				9A7608EC2A8B154300342AC3 /* Core */,
				9A7608FE2A8D565100342AC3 /* Dependency IInjection */,
				9A7608DF2A859ECF00342AC3 /* Common */,
				9A7608E12A859EF700342AC3 /* Coordinator */,
				9ACDDB112B0C07B20090A823 /* Screens */,
				9A3A7C832B1E8FFB009C59EA /* Storyboards */,
			);
			path = News;
			sourceTree = "<group>";
		};
		9A7607F72A85901C00342AC3 /* NewsTests */ = {
			isa = PBXGroup;
			children = (
				9A7607F82A85901C00342AC3 /* CoreDataTest.swift */,
				9A3019482B23FFCE00C7CC10 /* NetworkTest.swift */,
			);
			path = NewsTests;
			sourceTree = "<group>";
		};
		9A7608012A85901C00342AC3 /* NewsUITests */ = {
			isa = PBXGroup;
			children = (
				9A7608022A85901C00342AC3 /* NewsUITests.swift */,
				9A7608042A85901C00342AC3 /* NewsUITestsLaunchTests.swift */,
			);
			path = NewsUITests;
			sourceTree = "<group>";
		};
		9A76086D2A85963B00342AC3 /* Resources */ = {
			isa = PBXGroup;
			children = (
				9A7607EA2A85901C00342AC3 /* Assets.xcassets */,
				9A7607EF2A85901C00342AC3 /* Info.plist */,
				9A7608F22A8B16AE00342AC3 /* Constants.swift */,
			);
			path = Resources;
			sourceTree = "<group>";
		};
		9A7608DF2A859ECF00342AC3 /* Common */ = {
			isa = PBXGroup;
			children = (
				9A7609042A8EE2AF00342AC3 /* Helper */,
				9A7608E02A859EE300342AC3 /* Extensions */,
				9A7608D12A859DEF00342AC3 /* RxBaseView.swift */,
				9A7608D52A859DFA00342AC3 /* RxBaseViewController.swift */,
			);
			path = Common;
			sourceTree = "<group>";
		};
		9A7608E02A859EE300342AC3 /* Extensions */ = {
			isa = PBXGroup;
			children = (
				9A7608DD2A859EAB00342AC3 /* UIVIew+Ext.swift */,
				9A3A7C812B1E8F59009C59EA /* Observable+Operators.swift */,
			);
			path = Extensions;
			sourceTree = "<group>";
		};
		9A7608E12A859EF700342AC3 /* Coordinator */ = {
			isa = PBXGroup;
			children = (
				9A7608C52A859DDD00342AC3 /* AppCoordinator.swift */,
				9A7608C62A859DDD00342AC3 /* BookmarkCoordinator.swift */,
				9A7608C42A859DDD00342AC3 /* HomeCoordinator.swift */,
				9A7608C72A859DDD00342AC3 /* StartTabBarCoordinator.swift */,
			);
			path = Coordinator;
			sourceTree = "<group>";
		};
		9A7608E22A859F0200342AC3 /* Bookmark */ = {
			isa = PBXGroup;
			children = (
				9ACDDB0F2B0C068A0090A823 /* Network */,
				9A7608CF2A859DE800342AC3 /* BookmarkViewController.swift */,
				9A60422D2AC776C500CAE2F3 /* BookmarkView.swift */,
				9A60422F2AC776CF00CAE2F3 /* BookmarkViewModel.swift */,
				9A6042312AC7771900CAE2F3 /* BookmarkModuleConfigurator.swift */,
				9A6042332AC7772D00CAE2F3 /* Bookmark+infrastracture.swift */,
			);
			path = Bookmark;
			sourceTree = "<group>";
		};
		9A7608E32A859F0C00342AC3 /* Home */ = {
			isa = PBXGroup;
			children = (
				9A7608F12A8B168F00342AC3 /* Model */,
				9A7608F82A8D48C900342AC3 /* Network */,
				9A7608B82A859BF200342AC3 /* HomeView.swift */,
				9A7608B92A859BF200342AC3 /* NewsCell.swift */,
				9A7608BA2A859BF200342AC3 /* HomeViewController.swift */,
				9A7608E42A870FB200342AC3 /* HomeViewModel.swift */,
				9A5109CA2A944861008EF0F8 /* Home+infastructure.swift */,
				9A5109CC2A9448B1008EF0F8 /* HomeModuleConfigurator.swift */,
			);
			path = Home;
			sourceTree = "<group>";
		};
		9A7608EC2A8B154300342AC3 /* Core */ = {
			isa = PBXGroup;
			children = (
				9ACDDB102B0C06C80090A823 /* CoreDataEntities */,
				9A7608E62A8AE73D00342AC3 /* DatabaseDispatcher.swift */,
				9AA123D22B04570200F91E92 /* CoreDataManager.swift */,
				9A7608E82A8AF65600342AC3 /* NetworkTargetType.swift */,
				9A7608EA2A8B12A800342AC3 /* ResponseError.swift */,
				9AA123D42B0457FE00F91E92 /* CoreDataConvertable.swift */,
			);
			path = Core;
			sourceTree = "<group>";
		};
		9A7608F12A8B168F00342AC3 /* Model */ = {
			isa = PBXGroup;
			children = (
				9A7608EF2A8B164E00342AC3 /* News.swift */,
				9A7608FF2A8D6DB100342AC3 /* NewsSectionModel.swift */,
			);
			path = Model;
			sourceTree = "<group>";
		};
		9A7608F82A8D48C900342AC3 /* Network */ = {
			isa = PBXGroup;
			children = (
				9A7608ED2A8B158100342AC3 /* HomeNetwork.swift */,
				9A7608F42A8B2FF500342AC3 /* HomeTarget.swift */,
				9A7608F62A8B342400342AC3 /* HomeService.swift */,
			);
			path = Network;
			sourceTree = "<group>";
		};
		9A7608FE2A8D565100342AC3 /* Dependency IInjection */ = {
			isa = PBXGroup;
			children = (
				9A7608FC2A8D564600342AC3 /* AppContainer.swift */,
			);
			path = "Dependency IInjection";
			sourceTree = "<group>";
		};
		9A7609042A8EE2AF00342AC3 /* Helper */ = {
			isa = PBXGroup;
			children = (
				9A7609052A8EE32E00342AC3 /* ImageManager.swift */,
				9A7609072A8EE33B00342AC3 /* ImageCaching.swift */,
				9A3F18142B351BC200D94B4C /* HapticHelper.swift */,
			);
			path = Helper;
			sourceTree = "<group>";
		};
		9ACDDB0F2B0C068A0090A823 /* Network */ = {
			isa = PBXGroup;
			children = (
				9A6042352AC7A3D600CAE2F3 /* BookmarkNetwork.swift */,
				9A6042372AC7A3E000CAE2F3 /* BookmarkService.swift */,
			);
			path = Network;
			sourceTree = "<group>";
		};
		9ACDDB102B0C06C80090A823 /* CoreDataEntities */ = {
			isa = PBXGroup;
			children = (
				9A7607E72A85901B00342AC3 /* News.xcdatamodeld */,
				9A118E042AAA44AD00C3BFB5 /* ArticlesEntity+CoreDataClass.swift */,
				9A118E052AAA44AD00C3BFB5 /* ArticlesEntity+CoreDataProperties.swift */,
				9A118E062AAA44AD00C3BFB5 /* SourcesEntity+CoreDataClass.swift */,
				9A118E072AAA44AD00C3BFB5 /* SourcesEntity+CoreDataProperties.swift */,
				9A118E142AAA4C0300C3BFB5 /* NewsEntity+CoreDataClass.swift */,
				9A118E152AAA4C0300C3BFB5 /* NewsEntity+CoreDataProperties.swift */,
				9A6042272ABD1B6600CAE2F3 /* BookmarkEntity+CoreDataClass.swift */,
				9A6042282ABD1B6600CAE2F3 /* BookmarkEntity+CoreDataProperties.swift */,
			);
			path = CoreDataEntities;
			sourceTree = "<group>";
		};
		9ACDDB112B0C07B20090A823 /* Screens */ = {
			isa = PBXGroup;
			children = (
				9A7608E32A859F0C00342AC3 /* Home */,
				9A7608E22A859F0200342AC3 /* Bookmark */,
				9A5109CE2A9448DB008EF0F8 /* Details */,
			);
			path = Screens;
			sourceTree = "<group>";
		};
		9ACDDB122B1A9E9B0090A823 /* Frameworks */ = {
			isa = PBXGroup;
			children = (
			);
			name = Frameworks;
			sourceTree = "<group>";
		};
/* End PBXGroup section */

/* Begin PBXNativeTarget section */
		9A7607DA2A85901B00342AC3 /* News */ = {
			isa = PBXNativeTarget;
			buildConfigurationList = 9A7608082A85901C00342AC3 /* Build configuration list for PBXNativeTarget "News" */;
			buildPhases = (
				9A7607D72A85901B00342AC3 /* Sources */,
				9A7607D82A85901B00342AC3 /* Frameworks */,
				9A7607D92A85901B00342AC3 /* Resources */,
			);
			buildRules = (
			);
			dependencies = (
			);
			name = News;
			packageProductDependencies = (
				9A76089C2A85992800342AC3 /* RxBlocking */,
				9A7608A02A85992800342AC3 /* RxRelay */,
				9A7608A22A85992800342AC3 /* RxSwift */,
				9A7608A52A85998300342AC3 /* SnapKit */,
				9A7608FA2A8D561B00342AC3 /* Swinject */,
				9A7609022A8DA70A00342AC3 /* SwinjectAutoregistration */,
				9A3A7C7D2B1A9F78009C59EA /* RxCocoa */,
			);
			productName = News;
			productReference = 9A7607DB2A85901B00342AC3 /* News.app */;
			productType = "com.apple.product-type.application";
		};
		9A7607F32A85901C00342AC3 /* NewsTests */ = {
			isa = PBXNativeTarget;
			buildConfigurationList = 9A76080B2A85901C00342AC3 /* Build configuration list for PBXNativeTarget "NewsTests" */;
			buildPhases = (
				9A7607F02A85901C00342AC3 /* Sources */,
				9A7607F12A85901C00342AC3 /* Frameworks */,
				9A7607F22A85901C00342AC3 /* Resources */,
			);
			buildRules = (
			);
			dependencies = (
				9A7607F62A85901C00342AC3 /* PBXTargetDependency */,
			);
			name = NewsTests;
			packageProductDependencies = (
			);
			productName = NewsTests;
			productReference = 9A7607F42A85901C00342AC3 /* NewsTests.xctest */;
			productType = "com.apple.product-type.bundle.unit-test";
		};
		9A7607FD2A85901C00342AC3 /* NewsUITests */ = {
			isa = PBXNativeTarget;
			buildConfigurationList = 9A76080E2A85901C00342AC3 /* Build configuration list for PBXNativeTarget "NewsUITests" */;
			buildPhases = (
				9A7607FA2A85901C00342AC3 /* Sources */,
				9A7607FB2A85901C00342AC3 /* Frameworks */,
				9A7607FC2A85901C00342AC3 /* Resources */,
			);
			buildRules = (
			);
			dependencies = (
				9A7608002A85901C00342AC3 /* PBXTargetDependency */,
			);
			name = NewsUITests;
			productName = NewsUITests;
			productReference = 9A7607FE2A85901C00342AC3 /* NewsUITests.xctest */;
			productType = "com.apple.product-type.bundle.ui-testing";
		};
/* End PBXNativeTarget section */

/* Begin PBXProject section */
		9A7607D32A85901B00342AC3 /* Project object */ = {
			isa = PBXProject;
			attributes = {
				BuildIndependentTargetsInParallel = 1;
				LastSwiftUpdateCheck = 1430;
				LastUpgradeCheck = 1430;
				TargetAttributes = {
					9A7607DA2A85901B00342AC3 = {
						CreatedOnToolsVersion = 14.3;
					};
					9A7607F32A85901C00342AC3 = {
						CreatedOnToolsVersion = 14.3;
						TestTargetID = 9A7607DA2A85901B00342AC3;
					};
					9A7607FD2A85901C00342AC3 = {
						CreatedOnToolsVersion = 14.3;
						TestTargetID = 9A7607DA2A85901B00342AC3;
					};
				};
			};
			buildConfigurationList = 9A7607D62A85901B00342AC3 /* Build configuration list for PBXProject "News" */;
			compatibilityVersion = "Xcode 14.0";
			developmentRegion = en;
			hasScannedForEncodings = 0;
			knownRegions = (
				en,
				Base,
			);
			mainGroup = 9A7607D22A85901B00342AC3;
			packageReferences = (
				9A76089B2A85992800342AC3 /* XCRemoteSwiftPackageReference "RxSwift" */,
				9A7608A42A85998300342AC3 /* XCRemoteSwiftPackageReference "SnapKit" */,
				9A7608F92A8D561B00342AC3 /* XCRemoteSwiftPackageReference "Swinject" */,
				9A7609012A8DA70A00342AC3 /* XCRemoteSwiftPackageReference "SwinjectAutoregistration" */,
			);
			productRefGroup = 9A7607DC2A85901B00342AC3 /* Products */;
			projectDirPath = "";
			projectRoot = "";
			targets = (
				9A7607DA2A85901B00342AC3 /* News */,
				9A7607F32A85901C00342AC3 /* NewsTests */,
				9A7607FD2A85901C00342AC3 /* NewsUITests */,
			);
		};
/* End PBXProject section */

/* Begin PBXResourcesBuildPhase section */
		9A7607D92A85901B00342AC3 /* Resources */ = {
			isa = PBXResourcesBuildPhase;
			buildActionMask = 2147483647;
			files = (
				9A7607EE2A85901C00342AC3 /* LaunchScreen.storyboard in Resources */,
				9A7607EB2A85901C00342AC3 /* Assets.xcassets in Resources */,
			);
			runOnlyForDeploymentPostprocessing = 0;
		};
		9A7607F22A85901C00342AC3 /* Resources */ = {
			isa = PBXResourcesBuildPhase;
			buildActionMask = 2147483647;
			files = (
			);
			runOnlyForDeploymentPostprocessing = 0;
		};
		9A7607FC2A85901C00342AC3 /* Resources */ = {
			isa = PBXResourcesBuildPhase;
			buildActionMask = 2147483647;
			files = (
			);
			runOnlyForDeploymentPostprocessing = 0;
		};
/* End PBXResourcesBuildPhase section */

/* Begin PBXSourcesBuildPhase section */
		9A7607D72A85901B00342AC3 /* Sources */ = {
			isa = PBXSourcesBuildPhase;
			buildActionMask = 2147483647;
			files = (
				9A6042362AC7A3D600CAE2F3 /* BookmarkNetwork.swift in Sources */,
				9A7608C82A859DDD00342AC3 /* AppCoordinator.swift in Sources */,
				9A7608F32A8B16AE00342AC3 /* Constants.swift in Sources */,
				9A7608E72A8AE73D00342AC3 /* DatabaseDispatcher.swift in Sources */,
				9A7609062A8EE32E00342AC3 /* ImageManager.swift in Sources */,
				9A7608CC2A859DE500342AC3 /* HomeView.swift in Sources */,
				9A118E0A2AAA44AD00C3BFB5 /* ArticlesEntity+CoreDataClass.swift in Sources */,
				9A7608D42A859DEF00342AC3 /* RxBaseView.swift in Sources */,
				9A7608E52A870FB200342AC3 /* HomeViewModel.swift in Sources */,
				9A7608F72A8B342400342AC3 /* HomeService.swift in Sources */,
				9A7608CE2A859DE500342AC3 /* NewsCell.swift in Sources */,
				9A5109DD2A944955008EF0F8 /* Details+Infrastructure.swift in Sources */,
				9A7608C92A859DDD00342AC3 /* HomeCoordinator.swift in Sources */,
				9A7608CD2A859DE500342AC3 /* HomeViewController.swift in Sources */,
				9A7609002A8D6DB100342AC3 /* NewsSectionModel.swift in Sources */,
				9A6042292ABD1B6600CAE2F3 /* BookmarkEntity+CoreDataClass.swift in Sources */,
				9A7608D62A859DFA00342AC3 /* RxBaseViewController.swift in Sources */,
				9A118E0B2AAA44AD00C3BFB5 /* ArticlesEntity+CoreDataProperties.swift in Sources */,
				9AA123D32B04570200F91E92 /* CoreDataManager.swift in Sources */,
				9A8BCD8A2AA2A19900725B57 /* DetailsModuleConfiguraotor.swift in Sources */,
				9A7607DF2A85901B00342AC3 /* AppDelegate.swift in Sources */,
				9A7607E92A85901B00342AC3 /* News.xcdatamodeld in Sources */,
				9A3F18152B351BC200D94B4C /* HapticHelper.swift in Sources */,
				9A7607E12A85901B00342AC3 /* SceneDelegate.swift in Sources */,
				9A6042302AC776CF00CAE2F3 /* BookmarkViewModel.swift in Sources */,
				9A7608E92A8AF65600342AC3 /* NetworkTargetType.swift in Sources */,
				9A7608D02A859DE800342AC3 /* BookmarkViewController.swift in Sources */,
				9A60422A2ABD1B6600CAE2F3 /* BookmarkEntity+CoreDataProperties.swift in Sources */,
				9A7608FD2A8D564600342AC3 /* AppContainer.swift in Sources */,
				9A7608EB2A8B12A800342AC3 /* ResponseError.swift in Sources */,
				9A7608CA2A859DDD00342AC3 /* StartTabBarCoordinator.swift in Sources */,
				9A5109DC2A944955008EF0F8 /* DetailsViewController.swift in Sources */,
				9A118E172AAA4C0300C3BFB5 /* NewsEntity+CoreDataProperties.swift in Sources */,
				9A60422E2AC776C500CAE2F3 /* BookmarkView.swift in Sources */,
				9A118E0C2AAA44AD00C3BFB5 /* SourcesEntity+CoreDataClass.swift in Sources */,
				9A7608DE2A859EAB00342AC3 /* UIVIew+Ext.swift in Sources */,
				9A3A7C822B1E8F59009C59EA /* Observable+Operators.swift in Sources */,
				9A7608F02A8B164E00342AC3 /* News.swift in Sources */,
				9AA123D52B0457FE00F91E92 /* CoreDataConvertable.swift in Sources */,
				9A118E0D2AAA44AD00C3BFB5 /* SourcesEntity+CoreDataProperties.swift in Sources */,
				9A5109CD2A9448B1008EF0F8 /* HomeModuleConfigurator.swift in Sources */,
				9A6042382AC7A3E000CAE2F3 /* BookmarkService.swift in Sources */,
				9A7608CB2A859DDD00342AC3 /* BookmarkCoordinator.swift in Sources */,
				9A7609082A8EE33B00342AC3 /* ImageCaching.swift in Sources */,
				9A5109DE2A944955008EF0F8 /* DetailsViewModel.swift in Sources */,
				9A6042322AC7771900CAE2F3 /* BookmarkModuleConfigurator.swift in Sources */,
				9A6042342AC7772D00CAE2F3 /* Bookmark+infrastracture.swift in Sources */,
				9A5109CB2A944861008EF0F8 /* Home+infastructure.swift in Sources */,
				9A5109E62A99B0D9008EF0F8 /* DetailsView.swift in Sources */,
				9A7608F52A8B2FF500342AC3 /* HomeTarget.swift in Sources */,
				9A7608EE2A8B158100342AC3 /* HomeNetwork.swift in Sources */,
				9A118E162AAA4C0300C3BFB5 /* NewsEntity+CoreDataClass.swift in Sources */,
			);
			runOnlyForDeploymentPostprocessing = 0;
		};
		9A7607F02A85901C00342AC3 /* Sources */ = {
			isa = PBXSourcesBuildPhase;
			buildActionMask = 2147483647;
			files = (
				9A3019492B23FFCE00C7CC10 /* NetworkTest.swift in Sources */,
				9A7607F92A85901C00342AC3 /* CoreDataTest.swift in Sources */,
			);
			runOnlyForDeploymentPostprocessing = 0;
		};
		9A7607FA2A85901C00342AC3 /* Sources */ = {
			isa = PBXSourcesBuildPhase;
			buildActionMask = 2147483647;
			files = (
				9A7608032A85901C00342AC3 /* NewsUITests.swift in Sources */,
				9A7608052A85901C00342AC3 /* NewsUITestsLaunchTests.swift in Sources */,
			);
			runOnlyForDeploymentPostprocessing = 0;
		};
/* End PBXSourcesBuildPhase section */

/* Begin PBXTargetDependency section */
		9A7607F62A85901C00342AC3 /* PBXTargetDependency */ = {
			isa = PBXTargetDependency;
			target = 9A7607DA2A85901B00342AC3 /* News */;
			targetProxy = 9A7607F52A85901C00342AC3 /* PBXContainerItemProxy */;
		};
		9A7608002A85901C00342AC3 /* PBXTargetDependency */ = {
			isa = PBXTargetDependency;
			target = 9A7607DA2A85901B00342AC3 /* News */;
			targetProxy = 9A7607FF2A85901C00342AC3 /* PBXContainerItemProxy */;
		};
/* End PBXTargetDependency section */

/* Begin PBXVariantGroup section */
		9A7607EC2A85901C00342AC3 /* LaunchScreen.storyboard */ = {
			isa = PBXVariantGroup;
			children = (
				9A7607ED2A85901C00342AC3 /* Base */,
			);
			name = LaunchScreen.storyboard;
			sourceTree = "<group>";
		};
/* End PBXVariantGroup section */

/* Begin XCBuildConfiguration section */
		9A7608062A85901C00342AC3 /* Debug */ = {
			isa = XCBuildConfiguration;
			buildSettings = {
				ALWAYS_SEARCH_USER_PATHS = NO;
				CLANG_ANALYZER_NONNULL = YES;
				CLANG_ANALYZER_NUMBER_OBJECT_CONVERSION = YES_AGGRESSIVE;
				CLANG_CXX_LANGUAGE_STANDARD = "gnu++20";
				CLANG_ENABLE_MODULES = YES;
				CLANG_ENABLE_OBJC_ARC = YES;
				CLANG_ENABLE_OBJC_WEAK = YES;
				CLANG_WARN_BLOCK_CAPTURE_AUTORELEASING = YES;
				CLANG_WARN_BOOL_CONVERSION = YES;
				CLANG_WARN_COMMA = YES;
				CLANG_WARN_CONSTANT_CONVERSION = YES;
				CLANG_WARN_DEPRECATED_OBJC_IMPLEMENTATIONS = YES;
				CLANG_WARN_DIRECT_OBJC_ISA_USAGE = YES_ERROR;
				CLANG_WARN_DOCUMENTATION_COMMENTS = YES;
				CLANG_WARN_EMPTY_BODY = YES;
				CLANG_WARN_ENUM_CONVERSION = YES;
				CLANG_WARN_INFINITE_RECURSION = YES;
				CLANG_WARN_INT_CONVERSION = YES;
				CLANG_WARN_NON_LITERAL_NULL_CONVERSION = YES;
				CLANG_WARN_OBJC_IMPLICIT_RETAIN_SELF = YES;
				CLANG_WARN_OBJC_LITERAL_CONVERSION = YES;
				CLANG_WARN_OBJC_ROOT_CLASS = YES_ERROR;
				CLANG_WARN_QUOTED_INCLUDE_IN_FRAMEWORK_HEADER = YES;
				CLANG_WARN_RANGE_LOOP_ANALYSIS = YES;
				CLANG_WARN_STRICT_PROTOTYPES = YES;
				CLANG_WARN_SUSPICIOUS_MOVE = YES;
				CLANG_WARN_UNGUARDED_AVAILABILITY = YES_AGGRESSIVE;
				CLANG_WARN_UNREACHABLE_CODE = YES;
				CLANG_WARN__DUPLICATE_METHOD_MATCH = YES;
				COPY_PHASE_STRIP = NO;
				DEBUG_INFORMATION_FORMAT = dwarf;
				ENABLE_STRICT_OBJC_MSGSEND = YES;
				ENABLE_TESTABILITY = YES;
				GCC_C_LANGUAGE_STANDARD = gnu11;
				GCC_DYNAMIC_NO_PIC = NO;
				GCC_NO_COMMON_BLOCKS = YES;
				GCC_OPTIMIZATION_LEVEL = 0;
				GCC_PREPROCESSOR_DEFINITIONS = (
					"DEBUG=1",
					"$(inherited)",
				);
				GCC_WARN_64_TO_32_BIT_CONVERSION = YES;
				GCC_WARN_ABOUT_RETURN_TYPE = YES_ERROR;
				GCC_WARN_UNDECLARED_SELECTOR = YES;
				GCC_WARN_UNINITIALIZED_AUTOS = YES_AGGRESSIVE;
				GCC_WARN_UNUSED_FUNCTION = YES;
				GCC_WARN_UNUSED_VARIABLE = YES;
				IPHONEOS_DEPLOYMENT_TARGET = 16.4;
				MTL_ENABLE_DEBUG_INFO = INCLUDE_SOURCE;
				MTL_FAST_MATH = YES;
				ONLY_ACTIVE_ARCH = YES;
				SDKROOT = iphoneos;
				SWIFT_ACTIVE_COMPILATION_CONDITIONS = DEBUG;
				SWIFT_OPTIMIZATION_LEVEL = "-Onone";
			};
			name = Debug;
		};
		9A7608072A85901C00342AC3 /* Release */ = {
			isa = XCBuildConfiguration;
			buildSettings = {
				ALWAYS_SEARCH_USER_PATHS = NO;
				CLANG_ANALYZER_NONNULL = YES;
				CLANG_ANALYZER_NUMBER_OBJECT_CONVERSION = YES_AGGRESSIVE;
				CLANG_CXX_LANGUAGE_STANDARD = "gnu++20";
				CLANG_ENABLE_MODULES = YES;
				CLANG_ENABLE_OBJC_ARC = YES;
				CLANG_ENABLE_OBJC_WEAK = YES;
				CLANG_WARN_BLOCK_CAPTURE_AUTORELEASING = YES;
				CLANG_WARN_BOOL_CONVERSION = YES;
				CLANG_WARN_COMMA = YES;
				CLANG_WARN_CONSTANT_CONVERSION = YES;
				CLANG_WARN_DEPRECATED_OBJC_IMPLEMENTATIONS = YES;
				CLANG_WARN_DIRECT_OBJC_ISA_USAGE = YES_ERROR;
				CLANG_WARN_DOCUMENTATION_COMMENTS = YES;
				CLANG_WARN_EMPTY_BODY = YES;
				CLANG_WARN_ENUM_CONVERSION = YES;
				CLANG_WARN_INFINITE_RECURSION = YES;
				CLANG_WARN_INT_CONVERSION = YES;
				CLANG_WARN_NON_LITERAL_NULL_CONVERSION = YES;
				CLANG_WARN_OBJC_IMPLICIT_RETAIN_SELF = YES;
				CLANG_WARN_OBJC_LITERAL_CONVERSION = YES;
				CLANG_WARN_OBJC_ROOT_CLASS = YES_ERROR;
				CLANG_WARN_QUOTED_INCLUDE_IN_FRAMEWORK_HEADER = YES;
				CLANG_WARN_RANGE_LOOP_ANALYSIS = YES;
				CLANG_WARN_STRICT_PROTOTYPES = YES;
				CLANG_WARN_SUSPICIOUS_MOVE = YES;
				CLANG_WARN_UNGUARDED_AVAILABILITY = YES_AGGRESSIVE;
				CLANG_WARN_UNREACHABLE_CODE = YES;
				CLANG_WARN__DUPLICATE_METHOD_MATCH = YES;
				COPY_PHASE_STRIP = NO;
				DEBUG_INFORMATION_FORMAT = "dwarf-with-dsym";
				ENABLE_NS_ASSERTIONS = NO;
				ENABLE_STRICT_OBJC_MSGSEND = YES;
				GCC_C_LANGUAGE_STANDARD = gnu11;
				GCC_NO_COMMON_BLOCKS = YES;
				GCC_WARN_64_TO_32_BIT_CONVERSION = YES;
				GCC_WARN_ABOUT_RETURN_TYPE = YES_ERROR;
				GCC_WARN_UNDECLARED_SELECTOR = YES;
				GCC_WARN_UNINITIALIZED_AUTOS = YES_AGGRESSIVE;
				GCC_WARN_UNUSED_FUNCTION = YES;
				GCC_WARN_UNUSED_VARIABLE = YES;
				IPHONEOS_DEPLOYMENT_TARGET = 16.4;
				MTL_ENABLE_DEBUG_INFO = NO;
				MTL_FAST_MATH = YES;
				SDKROOT = iphoneos;
				SWIFT_COMPILATION_MODE = wholemodule;
				SWIFT_OPTIMIZATION_LEVEL = "-O";
				VALIDATE_PRODUCT = YES;
			};
			name = Release;
		};
		9A7608092A85901C00342AC3 /* Debug */ = {
			isa = XCBuildConfiguration;
			buildSettings = {
				ASSETCATALOG_COMPILER_APPICON_NAME = AppIcon;
				ASSETCATALOG_COMPILER_GLOBAL_ACCENT_COLOR_NAME = AccentColor;
				CODE_SIGN_STYLE = Automatic;
				CURRENT_PROJECT_VERSION = 1;
				DEVELOPMENT_TEAM = 2972HQU7FK;
				GENERATE_INFOPLIST_FILE = YES;
				INFOPLIST_FILE = News/Resources/Info.plist;
				INFOPLIST_KEY_UIApplicationSupportsIndirectInputEvents = YES;
				INFOPLIST_KEY_UILaunchStoryboardName = LaunchScreen;
				INFOPLIST_KEY_UISupportedInterfaceOrientations_iPad = "UIInterfaceOrientationPortrait UIInterfaceOrientationPortraitUpsideDown UIInterfaceOrientationLandscapeLeft UIInterfaceOrientationLandscapeRight";
				INFOPLIST_KEY_UISupportedInterfaceOrientations_iPhone = "UIInterfaceOrientationPortrait UIInterfaceOrientationLandscapeLeft UIInterfaceOrientationLandscapeRight";
				LD_RUNPATH_SEARCH_PATHS = (
					"$(inherited)",
					"@executable_path/Frameworks",
				);
				MARKETING_VERSION = 1.0;
				PRODUCT_BUNDLE_IDENTIFIER = com.news.NewsRx;
				PRODUCT_NAME = "$(TARGET_NAME)";
				SWIFT_EMIT_LOC_STRINGS = YES;
				SWIFT_VERSION = 5.0;
				TARGETED_DEVICE_FAMILY = "1,2";
			};
			name = Debug;
		};
		9A76080A2A85901C00342AC3 /* Release */ = {
			isa = XCBuildConfiguration;
			buildSettings = {
				ASSETCATALOG_COMPILER_APPICON_NAME = AppIcon;
				ASSETCATALOG_COMPILER_GLOBAL_ACCENT_COLOR_NAME = AccentColor;
				CODE_SIGN_STYLE = Automatic;
				CURRENT_PROJECT_VERSION = 1;
				DEVELOPMENT_TEAM = 2972HQU7FK;
				GENERATE_INFOPLIST_FILE = YES;
				INFOPLIST_FILE = News/Resources/Info.plist;
				INFOPLIST_KEY_UIApplicationSupportsIndirectInputEvents = YES;
				INFOPLIST_KEY_UILaunchStoryboardName = LaunchScreen;
				INFOPLIST_KEY_UISupportedInterfaceOrientations_iPad = "UIInterfaceOrientationPortrait UIInterfaceOrientationPortraitUpsideDown UIInterfaceOrientationLandscapeLeft UIInterfaceOrientationLandscapeRight";
				INFOPLIST_KEY_UISupportedInterfaceOrientations_iPhone = "UIInterfaceOrientationPortrait UIInterfaceOrientationLandscapeLeft UIInterfaceOrientationLandscapeRight";
				LD_RUNPATH_SEARCH_PATHS = (
					"$(inherited)",
					"@executable_path/Frameworks",
				);
				MARKETING_VERSION = 1.0;
				PRODUCT_BUNDLE_IDENTIFIER = com.news.NewsRx;
				PRODUCT_NAME = "$(TARGET_NAME)";
				SWIFT_EMIT_LOC_STRINGS = YES;
				SWIFT_VERSION = 5.0;
				TARGETED_DEVICE_FAMILY = "1,2";
			};
			name = Release;
		};
		9A76080C2A85901C00342AC3 /* Debug */ = {
			isa = XCBuildConfiguration;
			buildSettings = {
				ALWAYS_EMBED_SWIFT_STANDARD_LIBRARIES = YES;
				BUNDLE_LOADER = "$(TEST_HOST)";
				CODE_SIGN_STYLE = Automatic;
				CURRENT_PROJECT_VERSION = 1;
				DEVELOPMENT_TEAM = 2972HQU7FK;
				GENERATE_INFOPLIST_FILE = YES;
				IPHONEOS_DEPLOYMENT_TARGET = 16.4;
				MARKETING_VERSION = 1.0;
				PRODUCT_BUNDLE_IDENTIFIER = com.news.NewsTests;
				PRODUCT_NAME = "$(TARGET_NAME)";
				SWIFT_EMIT_LOC_STRINGS = NO;
				SWIFT_VERSION = 5.0;
				TARGETED_DEVICE_FAMILY = "1,2";
				TEST_HOST = "$(BUILT_PRODUCTS_DIR)/News.app/$(BUNDLE_EXECUTABLE_FOLDER_PATH)/News";
			};
			name = Debug;
		};
		9A76080D2A85901C00342AC3 /* Release */ = {
			isa = XCBuildConfiguration;
			buildSettings = {
				ALWAYS_EMBED_SWIFT_STANDARD_LIBRARIES = YES;
				BUNDLE_LOADER = "$(TEST_HOST)";
				CODE_SIGN_STYLE = Automatic;
				CURRENT_PROJECT_VERSION = 1;
				DEVELOPMENT_TEAM = 2972HQU7FK;
				GENERATE_INFOPLIST_FILE = YES;
				IPHONEOS_DEPLOYMENT_TARGET = 16.4;
				MARKETING_VERSION = 1.0;
				PRODUCT_BUNDLE_IDENTIFIER = com.news.NewsTests;
				PRODUCT_NAME = "$(TARGET_NAME)";
				SWIFT_EMIT_LOC_STRINGS = NO;
				SWIFT_VERSION = 5.0;
				TARGETED_DEVICE_FAMILY = "1,2";
				TEST_HOST = "$(BUILT_PRODUCTS_DIR)/News.app/$(BUNDLE_EXECUTABLE_FOLDER_PATH)/News";
			};
			name = Release;
		};
		9A76080F2A85901C00342AC3 /* Debug */ = {
			isa = XCBuildConfiguration;
			buildSettings = {
				ALWAYS_EMBED_SWIFT_STANDARD_LIBRARIES = YES;
				CODE_SIGN_STYLE = Automatic;
				CURRENT_PROJECT_VERSION = 1;
				DEVELOPMENT_TEAM = 2972HQU7FK;
				GENERATE_INFOPLIST_FILE = YES;
				MARKETING_VERSION = 1.0;
				PRODUCT_BUNDLE_IDENTIFIER = com.news.NewsUITests;
				PRODUCT_NAME = "$(TARGET_NAME)";
				SWIFT_EMIT_LOC_STRINGS = NO;
				SWIFT_VERSION = 5.0;
				TARGETED_DEVICE_FAMILY = "1,2";
				TEST_TARGET_NAME = News;
			};
			name = Debug;
		};
		9A7608102A85901C00342AC3 /* Release */ = {
			isa = XCBuildConfiguration;
			buildSettings = {
				ALWAYS_EMBED_SWIFT_STANDARD_LIBRARIES = YES;
				CODE_SIGN_STYLE = Automatic;
				CURRENT_PROJECT_VERSION = 1;
				DEVELOPMENT_TEAM = 2972HQU7FK;
				GENERATE_INFOPLIST_FILE = YES;
				MARKETING_VERSION = 1.0;
				PRODUCT_BUNDLE_IDENTIFIER = com.news.NewsUITests;
				PRODUCT_NAME = "$(TARGET_NAME)";
				SWIFT_EMIT_LOC_STRINGS = NO;
				SWIFT_VERSION = 5.0;
				TARGETED_DEVICE_FAMILY = "1,2";
				TEST_TARGET_NAME = News;
			};
			name = Release;
		};
/* End XCBuildConfiguration section */

/* Begin XCConfigurationList section */
		9A7607D62A85901B00342AC3 /* Build configuration list for PBXProject "News" */ = {
			isa = XCConfigurationList;
			buildConfigurations = (
				9A7608062A85901C00342AC3 /* Debug */,
				9A7608072A85901C00342AC3 /* Release */,
			);
			defaultConfigurationIsVisible = 0;
			defaultConfigurationName = Release;
		};
		9A7608082A85901C00342AC3 /* Build configuration list for PBXNativeTarget "News" */ = {
			isa = XCConfigurationList;
			buildConfigurations = (
				9A7608092A85901C00342AC3 /* Debug */,
				9A76080A2A85901C00342AC3 /* Release */,
			);
			defaultConfigurationIsVisible = 0;
			defaultConfigurationName = Release;
		};
		9A76080B2A85901C00342AC3 /* Build configuration list for PBXNativeTarget "NewsTests" */ = {
			isa = XCConfigurationList;
			buildConfigurations = (
				9A76080C2A85901C00342AC3 /* Debug */,
				9A76080D2A85901C00342AC3 /* Release */,
			);
			defaultConfigurationIsVisible = 0;
			defaultConfigurationName = Release;
		};
		9A76080E2A85901C00342AC3 /* Build configuration list for PBXNativeTarget "NewsUITests" */ = {
			isa = XCConfigurationList;
			buildConfigurations = (
				9A76080F2A85901C00342AC3 /* Debug */,
				9A7608102A85901C00342AC3 /* Release */,
			);
			defaultConfigurationIsVisible = 0;
			defaultConfigurationName = Release;
		};
/* End XCConfigurationList section */

/* Begin XCRemoteSwiftPackageReference section */
		9A76089B2A85992800342AC3 /* XCRemoteSwiftPackageReference "RxSwift" */ = {
			isa = XCRemoteSwiftPackageReference;
			repositoryURL = "https://github.com/ReactiveX/RxSwift.git";
			requirement = {
				kind = upToNextMajorVersion;
				minimumVersion = 6.0.0;
			};
		};
		9A7608A42A85998300342AC3 /* XCRemoteSwiftPackageReference "SnapKit" */ = {
			isa = XCRemoteSwiftPackageReference;
			repositoryURL = "https://github.com/SnapKit/SnapKit.git";
			requirement = {
				kind = upToNextMajorVersion;
				minimumVersion = 5.0.0;
			};
		};
		9A7608F92A8D561B00342AC3 /* XCRemoteSwiftPackageReference "Swinject" */ = {
			isa = XCRemoteSwiftPackageReference;
			repositoryURL = "https://github.com/Swinject/Swinject.git";
			requirement = {
				kind = upToNextMajorVersion;
				minimumVersion = 2.0.0;
			};
		};
		9A7609012A8DA70A00342AC3 /* XCRemoteSwiftPackageReference "SwinjectAutoregistration" */ = {
			isa = XCRemoteSwiftPackageReference;
			repositoryURL = "https://github.com/Swinject/SwinjectAutoregistration";
			requirement = {
				kind = upToNextMajorVersion;
				minimumVersion = 2.0.0;
			};
		};
/* End XCRemoteSwiftPackageReference section */

/* Begin XCSwiftPackageProductDependency section */
		9A3A7C7D2B1A9F78009C59EA /* RxCocoa */ = {
			isa = XCSwiftPackageProductDependency;
			package = 9A76089B2A85992800342AC3 /* XCRemoteSwiftPackageReference "RxSwift" */;
			productName = RxCocoa;
		};
		9A76089C2A85992800342AC3 /* RxBlocking */ = {
			isa = XCSwiftPackageProductDependency;
			package = 9A76089B2A85992800342AC3 /* XCRemoteSwiftPackageReference "RxSwift" */;
			productName = RxBlocking;
		};
		9A7608A02A85992800342AC3 /* RxRelay */ = {
			isa = XCSwiftPackageProductDependency;
			package = 9A76089B2A85992800342AC3 /* XCRemoteSwiftPackageReference "RxSwift" */;
			productName = RxRelay;
		};
		9A7608A22A85992800342AC3 /* RxSwift */ = {
			isa = XCSwiftPackageProductDependency;
			package = 9A76089B2A85992800342AC3 /* XCRemoteSwiftPackageReference "RxSwift" */;
			productName = RxSwift;
		};
		9A7608A52A85998300342AC3 /* SnapKit */ = {
			isa = XCSwiftPackageProductDependency;
			package = 9A7608A42A85998300342AC3 /* XCRemoteSwiftPackageReference "SnapKit" */;
			productName = SnapKit;
		};
		9A7608FA2A8D561B00342AC3 /* Swinject */ = {
			isa = XCSwiftPackageProductDependency;
			package = 9A7608F92A8D561B00342AC3 /* XCRemoteSwiftPackageReference "Swinject" */;
			productName = Swinject;
		};
		9A7609022A8DA70A00342AC3 /* SwinjectAutoregistration */ = {
			isa = XCSwiftPackageProductDependency;
			package = 9A7609012A8DA70A00342AC3 /* XCRemoteSwiftPackageReference "SwinjectAutoregistration" */;
			productName = SwinjectAutoregistration;
		};
/* End XCSwiftPackageProductDependency section */

/* Begin XCVersionGroup section */
		9A7607E72A85901B00342AC3 /* News.xcdatamodeld */ = {
			isa = XCVersionGroup;
			children = (
				9A7607E82A85901B00342AC3 /* News.xcdatamodel */,
			);
			currentVersion = 9A7607E82A85901B00342AC3 /* News.xcdatamodel */;
			path = News.xcdatamodeld;
			sourceTree = "<group>";
			versionGroupType = wrapper.xcdatamodel;
		};
/* End XCVersionGroup section */
	};
	rootObject = 9A7607D32A85901B00342AC3 /* Project object */;
}
